{
  "version": 4,
  "terraform_version": "1.10.5",
  "serial": 4,
  "lineage": "a3f2c1d4-8b5e-4a7f-9c3d-2e1f6b8a0d4c",
  "outputs": {},
  "resources": [
    {
      "mode": "managed",
      "type": "random_id",
      "name": "suffix",
      "provider": "provider[\"registry.terraform.io/hashicorp/random\"]",
      "instances": [
        {
          "schema_version": 0,
          "attributes": {
            "b64_std": "a1b2c3d4",
            "b64_url": "a1b2c3d4",
            "byte_length": 4,
            "dec": "2712847316",
            "hex": "a1b2c3d4",
            "id": "a1b2c3d4",
            "keepers": null,
            "prefix": null
          },
          "sensitive_attributes": []
        }
      ]
    },
    {
      "mode": "managed",
      "type": "aws_s3_bucket",
      "name": "data",
      "provider": "provider[\"registry.terraform.io/hashicorp/aws\"]",
      "instances": [
        {
          "schema_version": 0,
          "attributes": {
            "acceleration_status": "",
            "acl": null,
            "arn": "arn:aws:s3:::company-data-a1b2c3d4",
            "bucket": "company-data-a1b2c3d4",
            "bucket_domain_name": "company-data-a1b2c3d4.s3.amazonaws.com",
            "bucket_prefix": null,
            "bucket_region": "eu-west-1",
            "bucket_regional_domain_name": "company-data-a1b2c3d4.s3.eu-west-1.amazonaws.com",
            "cors_rule": [],
            "force_destroy": false,
            "grant": [
              {
                "id": "abc123def456abc123def456abc123def456abc123def456abc123def456abc1",
                "permissions": ["FULL_CONTROL"],
                "type": "CanonicalUser",
                "uri": ""
              }
            ],
            "hosted_zone_id": "Z1BKCTXD74EZPE",
            "id": "company-data-a1b2c3d4",
            "lifecycle_rule": [],
            "logging": [],
            "object_lock_configuration": [],
            "object_lock_enabled": false,
            "policy": null,
            "region": "eu-west-1",
            "replication_configuration": [],
            "request_payer": "BucketOwner",
            "server_side_encryption_configuration": [
              {
                "rule": [
                  {
                    "apply_server_side_encryption_by_default": [
                      {
                        "kms_master_key_id": "",
                        "sse_algorithm": "AES256"
                      }
                    ],
                    "bucket_key_enabled": false
                  }
                ]
              }
            ],
            "tags": {
              "Environment": "staging",
              "Team": "ops"
            },
            "tags_all": {
              "Environment": "staging",
              "Team": "ops"
            },
            "timeouts": null,
            "versioning": [
              {
                "enabled": false,
                "mfa_delete": false
              }
            ],
            "website": [],
            "website_domain": null,
            "website_endpoint": null
          },
          "sensitive_attributes": [],
          "dependencies": ["random_id.suffix"]
        }
      ]
    },
    {
      "mode": "managed",
      "type": "aws_s3_bucket_versioning",
      "name": "data",
      "provider": "provider[\"registry.terraform.io/hashicorp/aws\"]",
      "instances": [
        {
          "schema_version": 0,
          "attributes": {
            "bucket": "company-data-a1b2c3d4",
            "expected_bucket_owner": null,
            "id": "company-data-a1b2c3d4",
            "mfa": null,
            "region": "eu-west-1",
            "versioning_configuration": [
              {
                "mfa_delete": "",
                "status": "Disabled"
              }
            ]
          },
          "sensitive_attributes": [],
          "dependencies": ["aws_s3_bucket.data", "random_id.suffix"]
        }
      ]
    },
    {
      "mode": "managed",
      "type": "aws_security_group",
      "name": "app",
      "provider": "provider[\"registry.terraform.io/hashicorp/aws\"]",
      "instances": [
        {
          "schema_version": 1,
          "attributes": {
            "arn": "arn:aws:ec2:eu-west-1:340752829546:security-group/sg-0a1b2c3d4e5f6a7b8",
            "description": "Application security group",
            "egress": [],
            "id": "sg-0a1b2c3d4e5f6a7b8",
            "ingress": [
              {
                "cidr_blocks": ["0.0.0.0/0"],
                "description": "",
                "from_port": 80,
                "ipv6_cidr_blocks": [],
                "prefix_list_ids": [],
                "protocol": "tcp",
                "security_groups": [],
                "self": false,
                "to_port": 80
              }
            ],
            "name": "app-sg",
            "name_prefix": "",
            "owner_id": "340752829546",
            "region": "eu-west-1",
            "revoke_rules_on_delete": false,
            "tags": null,
            "tags_all": {},
            "timeouts": null,
            "vpc_id": "vpc-0default12345abcde"
          },
          "sensitive_attributes": [],
          "dependencies": []
        }
      ]
    }
  ],
  "check_results": null
}
